
Microsoft Visual Studio Solution File, Format Version 12.00
# Visual Studio Version 17
VisualStudioVersion = 17.8.34330.188
MinimumVisualStudioVersion = 10.0.40219.1
Project("{FAE04EC0-301F-11D3-BF4B-00C04F79EFBC}") = "RankingApp.Server", "RankingApp.Server\RankingApp.Server.csproj", "{5BEA83EF-F543-4B73-82EB-A8236A22AEBA}"
EndProject
Project("{54A90642-561A-4BB1-A94E-469ADEE60C69}") = "rankingapp.client", "rankingapp.client\rankingapp.client.esproj", "{4727BA07-19AB-4FFD-85DD-445859FF1207}"
EndProject
Global
	GlobalSection(SolutionConfigurationPlatforms) = preSolution
		Debug|Any CPU = Debug|Any CPU
		Release|Any CPU = Release|Any CPU
	EndGlobalSection
	GlobalSection(ProjectConfigurationPlatforms) = postSolution
		{5BEA83EF-F543-4B73-82EB-A8236A22AEBA}.Debug|Any CPU.ActiveCfg = Debug|Any CPU
		{5BEA83EF-F543-4B73-82EB-A8236A22AEBA}.Debug|Any CPU.Build.0 = Debug|Any CPU
		{5BEA83EF-F543-4B73-82EB-A8236A22AEBA}.Release|Any CPU.ActiveCfg = Release|Any CPU
		{5BEA83EF-F543-4B73-82EB-A8236A22AEBA}.Release|Any CPU.Build.0 = Release|Any CPU
		{4727BA07-19AB-4FFD-85DD-445859FF1207}.Debug|Any CPU.ActiveCfg = Debug|Any CPU
		{4727BA07-19AB-4FFD-85DD-445859FF1207}.Debug|Any CPU.Build.0 = Debug|Any CPU
		{4727BA07-19AB-4FFD-85DD-445859FF1207}.Debug|Any CPU.Deploy.0 = Debug|Any CPU
		{4727BA07-19AB-4FFD-85DD-445859FF1207}.Release|Any CPU.ActiveCfg = Release|Any CPU
		{4727BA07-19AB-4FFD-85DD-445859FF1207}.Release|Any CPU.Build.0 = Release|Any CPU
		{4727BA07-19AB-4FFD-85DD-445859FF1207}.Release|Any CPU.Deploy.0 = Release|Any CPU
	EndGlobalSection
	GlobalSection(SolutionProperties) = preSolution
		HideSolutionNode = FALSE
	EndGlobalSection
	GlobalSection(ExtensibilityGlobals) = postSolution
		SolutionGuid = {C621419D-14E9-4779-8A13-79D628ABFE4C}
	EndGlobalSection
EndGlobal
